# THIS IS AN AUTOGENERATED FILE. DO NOT EDIT THIS FILE DIRECTLY.
# yarn lockfile v1


"@uirouter/angularjs@^1.0.5":
  version "1.0.5"
  resolved "https://registry.yarnpkg.com/@uirouter/angularjs/-/angularjs-1.0.5.tgz#ba559378ac981255f9a96212b7ef51fb82ec49b8"
  dependencies:
    "@uirouter/core" "5.0.5"

"@uirouter/core@5.0.5":
  version "5.0.5"
  resolved "https://registry.yarnpkg.com/@uirouter/core/-/core-5.0.5.tgz#4fafae8b89e1bee321b0ed32e69ab66547c055c6"

angular@^1.6.5:
  version "1.6.5"
  resolved "https://registry.yarnpkg.com/angular/-/angular-1.6.5.tgz#37f788eebec5ce2e3fa02b17bbcb2a231576a0d6"
